
Microsoft Visual Studio Solution File, Format Version 12.00
# Visual Studio 15
VisualStudioVersion = 15.0.28307.329
MinimumVisualStudioVersion = 10.0.40219.1
Project("{FAE04EC0-301F-11D3-BF4B-00C04F79EFBC}") = "MartFive.API", "MartFive.API\MartFive.API.csproj", "{97C7C823-6E49-48B5-A622-2032F47EE5A4}"
EndProject
Project("{FAE04EC0-301F-11D3-BF4B-00C04F79EFBC}") = "MartfiveDataAccess", "MartfiveDataAccess\MartfiveDataAccess.csproj", "{0AB2DB79-5224-46A5-8E78-B79689ED81EE}"
EndProject
Global
	GlobalSection(SolutionConfigurationPlatforms) = preSolution
		Debug|Any CPU = Debug|Any CPU
		Release|Any CPU = Release|Any CPU
	EndGlobalSection
	GlobalSection(ProjectConfigurationPlatforms) = postSolution
		{97C7C823-6E49-48B5-A622-2032F47EE5A4}.Debug|Any CPU.ActiveCfg = Debug|Any CPU
		{97C7C823-6E49-48B5-A622-2032F47EE5A4}.Debug|Any CPU.Build.0 = Debug|Any CPU
		{97C7C823-6E49-48B5-A622-2032F47EE5A4}.Release|Any CPU.ActiveCfg = Release|Any CPU
		{97C7C823-6E49-48B5-A622-2032F47EE5A4}.Release|Any CPU.Build.0 = Release|Any CPU
		{0AB2DB79-5224-46A5-8E78-B79689ED81EE}.Debug|Any CPU.ActiveCfg = Debug|Any CPU
		{0AB2DB79-5224-46A5-8E78-B79689ED81EE}.Debug|Any CPU.Build.0 = Debug|Any CPU
		{0AB2DB79-5224-46A5-8E78-B79689ED81EE}.Release|Any CPU.ActiveCfg = Release|Any CPU
		{0AB2DB79-5224-46A5-8E78-B79689ED81EE}.Release|Any CPU.Build.0 = Release|Any CPU
	EndGlobalSection
	GlobalSection(SolutionProperties) = preSolution
		HideSolutionNode = FALSE
	EndGlobalSection
	GlobalSection(ExtensibilityGlobals) = postSolution
		SolutionGuid = {6F84624B-7D35-40EF-8751-31543B3B0659}
	EndGlobalSection
EndGlobal
